github.com/BurntSushi/toml v0.3.0 h1:e1/Ivsx3Z0FVTV0NSOv/aVgbUWyQuzj7DDnFblkRvsY=
github.com/BurntSushi/toml v0.3.0/go.mod h1:xHWCNGjB5oqiDr8zfno3MHue2Ht5sIBksp03qcyfWMU=
github.com/bwmarrin/discordgo v0.18.0 h1:XopVQXCIFy7Cr2eT7NcYcm4k0l2PYX+AP5RUbIWX2/8=
github.com/bwmarrin/discordgo v0.18.0/go.mod h1:5NIvFv5Z7HddYuXbuQegZ684DleQaCFqChP2iuBivJ8=
github.com/go-sql-driver/mysql v1.3.0 h1:pgwjLi/dvffoP9aabwkT3AKpXQM93QARkjFhDDqC1UE=
github.com/go-sql-driver/mysql v1.3.0/go.mod h1:zAC/RDZ24gD3HViQzih4MyKcchzm+sOG5ZlKdlhCg5w=
github.com/gorilla/websocket v1.2.0 h1:VJtLvh6VQym50czpZzx07z/kw9EgAxI3x1ZB8taTMQQ=
github.com/gorilla/websocket v1.2.0/go.mod h1:E7qHFY5m1UJ88s3WnNqhKjPHQ0heANvMoAMk2YaljkQ=
github.com/robfig/go-cache v0.0.0-20130306151617-9fc39e0dbf62 h1:pyecQtsPmlkCsMkYhT5iZ+sUXuwee+OvfuJjinEA3ko=
github.com/robfig/go-cache v0.0.0-20130306151617-9fc39e0dbf62/go.mod h1:65XQgovT59RWatovFwnwocoUxiI/eENTnOY5GK3STuY=
github.com/schollz/closestmatch v2.1.0+incompatible h1:Uel2GXEpJqOWBrlyI+oY9LTiyyjYS17cCYRqP13/SHk=
github.com/schollz/closestmatch v2.1.0+incompatible/go.mod h1:RtP1ddjLong6gTkbtmuhtR2uUrrJOpYzYRvbcPAid+g=
github.com/yuin/gopher-lua v0.0.0-20180416135241-b0fa786cf4ea h1:4T7s3Wxu5SWOSjr7PRQJSUbtHlNoO1WzOrlQGmWFtOM=
github.com/yuin/gopher-lua v0.0.0-20180416135241-b0fa786cf4ea/go.mod h1:aEV29XrmTYFr3CiRxZeGHpkvbwq+prZduBqMaascyCU=
golang.org/x/crypto v0.0.0-20180515001509-1a580b3eff78 h1:uJIReYEB1ZZLarzi83Pmig1HhZ/cwFCysx05l0PFBIk=
golang.org/x/crypto v0.0.0-20180515001509-1a580b3eff78/go.mod h1:6SG95UA2DQfeDnfUPMdvaQW0Q7yPrPDi9nlGo2tz2b4=
golang.org/x/net v0.0.0-20180519122554-57065200b4b0 h1:QTObP7iCbAilq2V5ptSYrIOdTsdhvdUWzvm2i8Yo4m0=
golang.org/x/net v0.0.0-20180519122554-57065200b4b0/go.mod h1:mL1N/T3taQHkDXs73rZJwtUhF3w3ftmwwsq0BUmARs4=
golang.org/x/text v0.3.0 h1:g61tztE5qeGQ89tm6NTjjM9VPIm088od1l6aSorWRWg=
golang.org/x/text v0.3.0/go.mod h1:NqM8EUOU14njkJ3fqMW+pc6Ldnwhi/IjpwHt7yyuwOQ=
