# This file is autogenerated, do not edit; changes may be undone by the next 'dep ensure'.


[[projects]]
  digest = "1:289dd4d7abfb3ad2b5f728fbe9b1d5c1bf7d265a3eb9ef92869af1f7baba4c7a"
  name = "github.com/BurntSushi/toml"
  packages = ["."]
  pruneopts = ""
  revision = "b26d9c308763d68093482582cea63d69be07a0f0"
  version = "v0.3.0"

[[projects]]
  digest = "1:b0fd1aac4e6eee019a17b69dc4473f6e6eaa39b80b36473bb6ed958e4f8e471c"
  name = "github.com/bwmarrin/discordgo"
  packages = ["."]
  pruneopts = ""
  revision = "4a33b9bc7c56cfdb9bb244e33e83cb3941fe2bdc"
  version = "v0.18.0"

[[projects]]
  digest = "1:24f8932912fd9331367d38715bb74be889dc2f94d401109c3aa3db8b3aa246c5"
  name = "github.com/go-sql-driver/mysql"
  packages = ["."]
  pruneopts = ""
  revision = "a0583e0143b1624142adab07e0e97fe106d99561"
  version = "v1.3"

[[projects]]
  digest = "1:64d212c703a2b94054be0ce470303286b177ad260b2f89a307e3d1bb6c073ef6"
  name = "github.com/gorilla/websocket"
  packages = ["."]
  pruneopts = ""
  revision = "ea4d1f681babbce9545c9c5f3d5194a789c89f5b"
  version = "v1.2.0"

[[projects]]
  branch = "master"
  digest = "1:6f2bf2edd351df596e4fa6582d0fe4117f7964d744a5944c6f334e78a4930445"
  name = "github.com/robfig/go-cache"
  packages = ["."]
  pruneopts = ""
  revision = "9fc39e0dbf62c034ec4e45e6120fc69433a3ec51"

[[projects]]
  branch = "master"
  digest = "1:b7bd7ea0cd580bb41608de12827d49154d7115f844af01f8ee51f38d5e32459e"
  name = "github.com/yuin/gopher-lua"
  packages = [
    ".",
    "ast",
    "parse",
    "pm",
  ]
  pruneopts = ""
  revision = "b0fa786cf4ea360285924c4a7fd42325be57aec8"

[[projects]]
  branch = "master"
  digest = "1:23475506e81e16ca25540cb95db19d0746a7e9ca001e7a06463493bb58761754"
  name = "golang.org/x/crypto"
  packages = [
    "nacl/secretbox",
    "poly1305",
    "salsa20/salsa",
  ]
  pruneopts = ""
  revision = "1a580b3eff7814fc9b40602fd35256c63b50f491"

[[projects]]
  branch = "master"
  digest = "1:aebbf90777ce08fbe603e39241303619e78825b9ac23329f75447793ae6807e0"
  name = "golang.org/x/net"
  packages = [
    "html",
    "html/atom",
    "html/charset",
  ]
  pruneopts = ""
  revision = "57065200b4b034a1c8ad54ff77069408c2218ae6"

[[projects]]
  digest = "1:5acd3512b047305d49e8763eef7ba423901e85d5dd2fd1e71778a0ea8de10bd4"
  name = "golang.org/x/text"
  packages = [
    "encoding",
    "encoding/charmap",
    "encoding/htmlindex",
    "encoding/internal",
    "encoding/internal/identifier",
    "encoding/japanese",
    "encoding/korean",
    "encoding/simplifiedchinese",
    "encoding/traditionalchinese",
    "encoding/unicode",
    "internal/gen",
    "internal/tag",
    "internal/utf8internal",
    "language",
    "runes",
    "transform",
    "unicode/cldr",
  ]
  pruneopts = ""
  revision = "f21a4dfb5e38f5895301dc265a8def02365cc3d0"
  version = "v0.3.0"

[solve-meta]
  analyzer-name = "dep"
  analyzer-version = 1
  input-imports = [
    "github.com/BurntSushi/toml",
    "github.com/bwmarrin/discordgo",
    "github.com/go-sql-driver/mysql",
    "github.com/robfig/go-cache",
    "github.com/yuin/gopher-lua",
    "golang.org/x/net/html/charset",
  ]
  solver-name = "gps-cdcl"
  solver-version = 1
